
Microsoft Visual Studio Solution File, Format Version 12.00
# Visual Studio 15
VisualStudioVersion = 15.0.27130.2036
MinimumVisualStudioVersion = 10.0.40219.1
Project("{FAE04EC0-301F-11D3-BF4B-00C04F79EFBC}") = "GUI", "GUI\GUI.csproj", "{36244A91-C387-46B2-ACA0-0E59EA540F88}"
EndProject
Global
	GlobalSection(SolutionConfigurationPlatforms) = preSolution
		Debug|Any CPU = Debug|Any CPU
		Release|Any CPU = Release|Any CPU
	EndGlobalSection
	GlobalSection(ProjectConfigurationPlatforms) = postSolution
		{36244A91-C387-46B2-ACA0-0E59EA540F88}.Debug|Any CPU.ActiveCfg = Debug|Any CPU
		{36244A91-C387-46B2-ACA0-0E59EA540F88}.Debug|Any CPU.Build.0 = Debug|Any CPU
		{36244A91-C387-46B2-ACA0-0E59EA540F88}.Release|Any CPU.ActiveCfg = Release|Any CPU
		{36244A91-C387-46B2-ACA0-0E59EA540F88}.Release|Any CPU.Build.0 = Release|Any CPU
	EndGlobalSection
	GlobalSection(SolutionProperties) = preSolution
		HideSolutionNode = FALSE
	EndGlobalSection
	GlobalSection(ExtensibilityGlobals) = postSolution
		SolutionGuid = {60995FD6-CDC5-4F3C-BD0B-DDF5178AD4EB}
	EndGlobalSection
EndGlobal
